# This file is automatically @generated by Cargo.
# It is not intended for manual editing.
version = 4

[[package]]
name = "trailryx-anchor"
version = "0.0.1"
dependencies = [
 "trailryx-asn1",
 "trailryx-contracts",
 "trailryx-crypto",
 "trailryx-record",
]

[[package]]
name = "trailryx-asn1"
version = "0.0.1"

[[package]]
name = "trailryx-assemble"
version = "0.0.1"
dependencies = [
 "trailryx-contracts",
 "trailryx-erasure",
 "trailryx-record",
 "trailryx-sim",
]

[[package]]
name = "trailryx-compliance"
version = "0.0.1"
dependencies = [
 "trailryx-verify",
]

[[package]]
name = "trailryx-contracts"
version = "0.0.1"
dependencies = [
 "trailryx-record",
]

[[package]]
name = "trailryx-core"
version = "0.0.1"
dependencies = [
 "trailryx-sim",
]

[[package]]
name = "trailryx-crypto"
version = "0.0.1"
dependencies = [
 "trailryx-record",
]

[[package]]
name = "trailryx-demo"
version = "0.0.1"
dependencies = [
 "trailryx-assemble",
 "trailryx-contracts",
 "trailryx-crypto",
 "trailryx-erasure",
 "trailryx-index",
 "trailryx-ingest",
 "trailryx-journal",
 "trailryx-otlp",
 "trailryx-record",
 "trailryx-sign",
 "trailryx-sim",
 "trailryx-store",
 "trailryx-verify",
]

[[package]]
name = "trailryx-erasure"
version = "0.0.1"
dependencies = [
 "trailryx-contracts",
 "trailryx-crypto",
 "trailryx-index",
 "trailryx-record",
 "trailryx-store",
]

[[package]]
name = "trailryx-index"
version = "0.0.1"
dependencies = [
 "trailryx-crypto",
 "trailryx-record",
]

[[package]]
name = "trailryx-ingest"
version = "0.0.1"
dependencies = [
 "trailryx-contracts",
 "trailryx-crypto",
 "trailryx-otlp",
 "trailryx-record",
]

[[package]]
name = "trailryx-journal"
version = "0.0.1"
dependencies = [
 "trailryx-crypto",
 "trailryx-record",
 "trailryx-sim",
]

[[package]]
name = "trailryx-json"
version = "0.0.1"
dependencies = [
 "trailryx-sim",
]

[[package]]
name = "trailryx-otlp"
version = "0.0.1"
dependencies = [
 "trailryx-assemble",
 "trailryx-contracts",
 "trailryx-crypto",
 "trailryx-json",
 "trailryx-record",
 "trailryx-sim",
]

[[package]]
name = "trailryx-projection"
version = "0.0.1"
dependencies = [
 "trailryx-crypto",
 "trailryx-index",
 "trailryx-journal",
 "trailryx-record",
]

[[package]]
name = "trailryx-record"
version = "0.0.1"

[[package]]
name = "trailryx-sign"
version = "0.0.1"
dependencies = [
 "trailryx-crypto",
 "trailryx-record",
]

[[package]]
name = "trailryx-sim"
version = "0.0.1"

[[package]]
name = "trailryx-store"
version = "0.0.1"
dependencies = [
 "trailryx-anchor",
 "trailryx-compliance",
 "trailryx-contracts",
 "trailryx-crypto",
 "trailryx-index",
 "trailryx-journal",
 "trailryx-record",
 "trailryx-sign",
 "trailryx-sim",
 "trailryx-verify",
]

[[package]]
name = "trailryx-verify"
version = "0.0.1"
