# This file is automatically @generated by Cargo.
# It is not intended for manual editing.
version = 4

[[package]]
name = "trailryx-contracts"
version = "0.0.1"
dependencies = [
 "trailryx-record",
]

[[package]]
name = "trailryx-core"
version = "0.0.1"
dependencies = [
 "trailryx-sim",
]

[[package]]
name = "trailryx-crypto"
version = "0.0.1"
dependencies = [
 "trailryx-record",
]

[[package]]
name = "trailryx-record"
version = "0.0.1"

[[package]]
name = "trailryx-sim"
version = "0.0.1"
