# This file is automatically @generated by Cargo.
# It is not intended for manual editing.
version = 4

[[package]]
name = "trailryx-contracts"
version = "0.0.1"
dependencies = [
 "trailryx-record",
]

[[package]]
name = "trailryx-core"
version = "0.0.1"
dependencies = [
 "trailryx-sim",
]

[[package]]
name = "trailryx-crypto"
version = "0.0.1"
dependencies = [
 "trailryx-record",
]

[[package]]
name = "trailryx-erasure"
version = "0.0.1"
dependencies = [
 "trailryx-contracts",
 "trailryx-crypto",
 "trailryx-index",
 "trailryx-record",
 "trailryx-store",
]

[[package]]
name = "trailryx-index"
version = "0.0.1"
dependencies = [
 "trailryx-crypto",
 "trailryx-record",
]

[[package]]
name = "trailryx-journal"
version = "0.0.1"
dependencies = [
 "trailryx-crypto",
 "trailryx-record",
 "trailryx-sim",
]

[[package]]
name = "trailryx-otlp"
version = "0.0.1"
dependencies = [
 "trailryx-contracts",
 "trailryx-crypto",
 "trailryx-record",
]

[[package]]
name = "trailryx-record"
version = "0.0.1"

[[package]]
name = "trailryx-sim"
version = "0.0.1"

[[package]]
name = "trailryx-store"
version = "0.0.1"
dependencies = [
 "trailryx-crypto",
 "trailryx-index",
 "trailryx-journal",
 "trailryx-record",
 "trailryx-sim",
 "trailryx-verify",
]

[[package]]
name = "trailryx-verify"
version = "0.0.1"
